
Microsoft Visual Studio Solution File, Format Version 12.00
# Visual Studio Version 16
VisualStudioVersion = 16.0.31605.320
MinimumVisualStudioVersion = 10.0.40219.1
Project("{FAE04EC0-301F-11D3-BF4B-00C04F79EFBC}") = "Vehicles.Common", "Vehicles.Common\Vehicles.Common.csproj", "{AE41423E-AE4D-4E5E-9D22-9A58ABD64119}"
EndProject
Project("{FAE04EC0-301F-11D3-BF4B-00C04F79EFBC}") = "Vehicles.API", "Vehicles.API\Vehicles.API.csproj", "{00488DA9-294E-4977-9F2C-E215284DD74F}"
EndProject
Global
	GlobalSection(SolutionConfigurationPlatforms) = preSolution
		Debug|Any CPU = Debug|Any CPU
		Release|Any CPU = Release|Any CPU
	EndGlobalSection
	GlobalSection(ProjectConfigurationPlatforms) = postSolution
		{AE41423E-AE4D-4E5E-9D22-9A58ABD64119}.Debug|Any CPU.ActiveCfg = Debug|Any CPU
		{AE41423E-AE4D-4E5E-9D22-9A58ABD64119}.Debug|Any CPU.Build.0 = Debug|Any CPU
		{AE41423E-AE4D-4E5E-9D22-9A58ABD64119}.Release|Any CPU.ActiveCfg = Release|Any CPU
		{AE41423E-AE4D-4E5E-9D22-9A58ABD64119}.Release|Any CPU.Build.0 = Release|Any CPU
		{00488DA9-294E-4977-9F2C-E215284DD74F}.Debug|Any CPU.ActiveCfg = Debug|Any CPU
		{00488DA9-294E-4977-9F2C-E215284DD74F}.Debug|Any CPU.Build.0 = Debug|Any CPU
		{00488DA9-294E-4977-9F2C-E215284DD74F}.Release|Any CPU.ActiveCfg = Release|Any CPU
		{00488DA9-294E-4977-9F2C-E215284DD74F}.Release|Any CPU.Build.0 = Release|Any CPU
	EndGlobalSection
	GlobalSection(SolutionProperties) = preSolution
		HideSolutionNode = FALSE
	EndGlobalSection
	GlobalSection(ExtensibilityGlobals) = postSolution
		SolutionGuid = {8B5E7ED8-DA5F-4945-8160-286E3891BC22}
	EndGlobalSection
EndGlobal
